<?xml version="1.0" encoding="UTF-8"?>
<!DOCTYPE plist PUBLIC "-//Apple//DTD PLIST 1.0//EN" "http://www.apple.com/DTDs/PropertyList-1.0.dtd">
<plist version="1.0">
<dict>
	<key>archiveVersion</key>
	<string>1</string>
	<key>classes</key>
	<dict/>
	<key>objectVersion</key>
	<string>46</string>
	<key>objects</key>
	<dict>
		<key>212C15091710EC2800BAC395</key>
		<dict>
			<key>children</key>
			<array>
				<string>212C151B1710EC2900BAC395</string>
				<string>212C15141710EC2900BAC395</string>
				<string>212C15131710EC2900BAC395</string>
				<string>79E00369097A4C62A7B9DA70</string>
			</array>
			<key>isa</key>
			<string>PBXGroup</string>
			<key>sourceTree</key>
			<string>&lt;group&gt;</string>
		</dict>
		<key>212C150A1710EC2800BAC395</key>
		<dict>
			<key>attributes</key>
			<dict>
				<key>CLASSPREFIX</key>
				<string>LL</string>
				<key>LastUpgradeCheck</key>
				<string>0460</string>
				<key>ORGANIZATIONNAME</key>
				<string>Lawrence Lomax</string>
			</dict>
			<key>buildConfigurationList</key>
			<string>212C150D1710EC2800BAC395</string>
			<key>compatibilityVersion</key>
			<string>Xcode 3.2</string>
			<key>developmentRegion</key>
			<string>English</string>
			<key>hasScannedForEncodings</key>
			<string>0</string>
			<key>isa</key>
			<string>PBXProject</string>
			<key>knownRegions</key>
			<array>
				<string>en</string>
			</array>
			<key>mainGroup</key>
			<string>212C15091710EC2800BAC395</string>
			<key>productRefGroup</key>
			<string>212C15131710EC2900BAC395</string>
			<key>projectDirPath</key>
			<string></string>
			<key>projectReferences</key>
			<array/>
			<key>projectRoot</key>
			<string></string>
			<key>targets</key>
			<array>
				<string>212C15111710EC2800BAC395</string>
			</array>
		</dict>
		<key>212C150D1710EC2800BAC395</key>
		<dict>
			<key>buildConfigurations</key>
			<array>
				<string>212C15361710EC2900BAC395</string>
				<string>212C15371710EC2900BAC395</string>
			</array>
			<key>defaultConfigurationIsVisible</key>
			<string>0</string>
			<key>defaultConfigurationName</key>
			<string>Release</string>
			<key>isa</key>
			<string>XCConfigurationList</string>
		</dict>
		<key>212C150E1710EC2800BAC395</key>
		<dict>
			<key>buildActionMask</key>
			<string>2147483647</string>
			<key>files</key>
			<array>
				<string>212C15221710EC2900BAC395</string>
				<string>212C15261710EC2900BAC395</string>
				<string>212C152F1710EC2900BAC395</string>
			</array>
			<key>isa</key>
			<string>PBXSourcesBuildPhase</string>
			<key>runOnlyForDeploymentPostprocessing</key>
			<string>0</string>
		</dict>
		<key>212C150F1710EC2800BAC395</key>
		<dict>
			<key>buildActionMask</key>
			<string>2147483647</string>
			<key>files</key>
			<array>
				<string>212C15161710EC2900BAC395</string>
				<string>212C15181710EC2900BAC395</string>
				<string>212C151A1710EC2900BAC395</string>
				<string>D57432C6AB9046C29F7B7EB0</string>
			</array>
			<key>isa</key>
			<string>PBXFrameworksBuildPhase</string>
			<key>runOnlyForDeploymentPostprocessing</key>
			<string>0</string>
		</dict>
		<key>212C15101710EC2800BAC395</key>
		<dict>
			<key>buildActionMask</key>
			<string>2147483647</string>
			<key>files</key>
			<array>
				<string>212C15201710EC2900BAC395</string>
				<string>212C15281710EC2900BAC395</string>
				<string>212C152A1710EC2900BAC395</string>
				<string>212C152C1710EC2900BAC395</string>
			</array>
			<key>isa</key>
			<string>PBXResourcesBuildPhase</string>
			<key>runOnlyForDeploymentPostprocessing</key>
			<string>0</string>
		</dict>
		<key>212C15111710EC2800BAC395</key>
		<dict>
			<key>buildConfigurationList</key>
			<string>212C15381710EC2900BAC395</string>
			<key>buildPhases</key>
			<array>
				<string>212C150E1710EC2800BAC395</string>
				<string>212C150F1710EC2800BAC395</string>
				<string>212C15101710EC2800BAC395</string>
				<string>4D1A0547CCE94B6180CE7BD9</string>
			</array>
			<key>buildRules</key>
			<array/>
			<key>dependencies</key>
			<array/>
			<key>isa</key>
			<string>PBXNativeTarget</string>
			<key>name</key>
			<string>ReactiveDemo</string>
			<key>productName</key>
			<string>ReactiveDemo</string>
			<key>productReference</key>
			<string>212C15121710EC2900BAC395</string>
			<key>productType</key>
			<string>com.apple.product-type.application</string>
		</dict>
		<key>212C15121710EC2900BAC395</key>
		<dict>
			<key>explicitFileType</key>
			<string>wrapper.application</string>
			<key>includeInIndex</key>
			<string>0</string>
			<key>isa</key>
			<string>PBXFileReference</string>
			<key>path</key>
			<string>ReactiveDemo.app</string>
			<key>sourceTree</key>
			<string>BUILT_PRODUCTS_DIR</string>
		</dict>
		<key>212C15131710EC2900BAC395</key>
		<dict>
			<key>children</key>
			<array>
				<string>212C15121710EC2900BAC395</string>
			</array>
			<key>isa</key>
			<string>PBXGroup</string>
			<key>name</key>
			<string>Products</string>
			<key>sourceTree</key>
			<string>&lt;group&gt;</string>
		</dict>
		<key>212C15141710EC2900BAC395</key>
		<dict>
			<key>children</key>
			<array>
				<string>212C15151710EC2900BAC395</string>
				<string>212C15171710EC2900BAC395</string>
				<string>212C15191710EC2900BAC395</string>
				<string>8268D43847EC4AD8BD93415F</string>
			</array>
			<key>isa</key>
			<string>PBXGroup</string>
			<key>name</key>
			<string>Frameworks</string>
			<key>sourceTree</key>
			<string>&lt;group&gt;</string>
		</dict>
		<key>212C15151710EC2900BAC395</key>
		<dict>
			<key>isa</key>
			<string>PBXFileReference</string>
			<key>lastKnownFileType</key>
			<string>wrapper.framework</string>
			<key>name</key>
			<string>UIKit.framework</string>
			<key>path</key>
			<string>System/Library/Frameworks/UIKit.framework</string>
			<key>sourceTree</key>
			<string>SDKROOT</string>
		</dict>
		<key>212C15161710EC2900BAC395</key>
		<dict>
			<key>fileRef</key>
			<string>212C15151710EC2900BAC395</string>
			<key>isa</key>
			<string>PBXBuildFile</string>
		</dict>
		<key>212C15171710EC2900BAC395</key>
		<dict>
			<key>isa</key>
			<string>PBXFileReference</string>
			<key>lastKnownFileType</key>
			<string>wrapper.framework</string>
			<key>name</key>
			<string>Foundation.framework</string>
			<key>path</key>
			<string>System/Library/Frameworks/Foundation.framework</string>
			<key>sourceTree</key>
			<string>SDKROOT</string>
		</dict>
		<key>212C15181710EC2900BAC395</key>
		<dict>
			<key>fileRef</key>
			<string>212C15171710EC2900BAC395</string>
			<key>isa</key>
			<string>PBXBuildFile</string>
		</dict>
		<key>212C15191710EC2900BAC395</key>
		<dict>
			<key>isa</key>
			<string>PBXFileReference</string>
			<key>lastKnownFileType</key>
			<string>wrapper.framework</string>
			<key>name</key>
			<string>CoreGraphics.framework</string>
			<key>path</key>
			<string>System/Library/Frameworks/CoreGraphics.framework</string>
			<key>sourceTree</key>
			<string>SDKROOT</string>
		</dict>
		<key>212C151A1710EC2900BAC395</key>
		<dict>
			<key>fileRef</key>
			<string>212C15191710EC2900BAC395</string>
			<key>isa</key>
			<string>PBXBuildFile</string>
		</dict>
		<key>212C151B1710EC2900BAC395</key>
		<dict>
			<key>children</key>
			<array>
				<string>212C15241710EC2900BAC395</string>
				<string>212C15251710EC2900BAC395</string>
				<string>212C152D1710EC2900BAC395</string>
				<string>212C152E1710EC2900BAC395</string>
				<string>212C151C1710EC2900BAC395</string>
			</array>
			<key>isa</key>
			<string>PBXGroup</string>
			<key>path</key>
			<string>ReactiveDemo</string>
			<key>sourceTree</key>
			<string>&lt;group&gt;</string>
		</dict>
		<key>212C151C1710EC2900BAC395</key>
		<dict>
			<key>children</key>
			<array>
				<string>212C151D1710EC2900BAC395</string>
				<string>212C151E1710EC2900BAC395</string>
				<string>212C15211710EC2900BAC395</string>
				<string>212C15231710EC2900BAC395</string>
				<string>212C15271710EC2900BAC395</string>
				<string>212C15291710EC2900BAC395</string>
				<string>212C152B1710EC2900BAC395</string>
			</array>
			<key>isa</key>
			<string>PBXGroup</string>
			<key>name</key>
			<string>Supporting Files</string>
			<key>sourceTree</key>
			<string>&lt;group&gt;</string>
		</dict>
		<key>212C151D1710EC2900BAC395</key>
		<dict>
			<key>isa</key>
			<string>PBXFileReference</string>
			<key>lastKnownFileType</key>
			<string>text.plist.xml</string>
			<key>path</key>
			<string>ReactiveDemo-Info.plist</string>
			<key>sourceTree</key>
			<string>&lt;group&gt;</string>
		</dict>
		<key>212C151E1710EC2900BAC395</key>
		<dict>
			<key>children</key>
			<array>
				<string>212C151F1710EC2900BAC395</string>
			</array>
			<key>isa</key>
			<string>PBXVariantGroup</string>
			<key>name</key>
			<string>InfoPlist.strings</string>
			<key>sourceTree</key>
			<string>&lt;group&gt;</string>
		</dict>
		<key>212C151F1710EC2900BAC395</key>
		<dict>
			<key>isa</key>
			<string>PBXFileReference</string>
			<key>lastKnownFileType</key>
			<string>text.plist.strings</string>
			<key>name</key>
			<string>en</string>
			<key>path</key>
			<string>en.lproj/InfoPlist.strings</string>
			<key>sourceTree</key>
			<string>&lt;group&gt;</string>
		</dict>
		<key>212C15201710EC2900BAC395</key>
		<dict>
			<key>fileRef</key>
			<string>212C151E1710EC2900BAC395</string>
			<key>isa</key>
			<string>PBXBuildFile</string>
		</dict>
		<key>212C15211710EC2900BAC395</key>
		<dict>
			<key>isa</key>
			<string>PBXFileReference</string>
			<key>lastKnownFileType</key>
			<string>sourcecode.c.objc</string>
			<key>path</key>
			<string>main.m</string>
			<key>sourceTree</key>
			<string>&lt;group&gt;</string>
		</dict>
		<key>212C15221710EC2900BAC395</key>
		<dict>
			<key>fileRef</key>
			<string>212C15211710EC2900BAC395</string>
			<key>isa</key>
			<string>PBXBuildFile</string>
		</dict>
		<key>212C15231710EC2900BAC395</key>
		<dict>
			<key>isa</key>
			<string>PBXFileReference</string>
			<key>lastKnownFileType</key>
			<string>sourcecode.c.h</string>
			<key>path</key>
			<string>ReactiveDemo-Prefix.pch</string>
			<key>sourceTree</key>
			<string>&lt;group&gt;</string>
		</dict>
		<key>212C15241710EC2900BAC395</key>
		<dict>
			<key>isa</key>
			<string>PBXFileReference</string>
			<key>lastKnownFileType</key>
			<string>sourcecode.c.h</string>
			<key>path</key>
			<string>LLAppDelegate.h</string>
			<key>sourceTree</key>
			<string>&lt;group&gt;</string>
		</dict>
		<key>212C15251710EC2900BAC395</key>
		<dict>
			<key>isa</key>
			<string>PBXFileReference</string>
			<key>lastKnownFileType</key>
			<string>sourcecode.c.objc</string>
			<key>path</key>
			<string>LLAppDelegate.m</string>
			<key>sourceTree</key>
			<string>&lt;group&gt;</string>
		</dict>
		<key>212C15261710EC2900BAC395</key>
		<dict>
			<key>fileRef</key>
			<string>212C15251710EC2900BAC395</string>
			<key>isa</key>
			<string>PBXBuildFile</string>
		</dict>
		<key>212C15271710EC2900BAC395</key>
		<dict>
			<key>isa</key>
			<string>PBXFileReference</string>
			<key>lastKnownFileType</key>
			<string>image.png</string>
			<key>path</key>
			<string>Default.png</string>
			<key>sourceTree</key>
			<string>&lt;group&gt;</string>
		</dict>
		<key>212C15281710EC2900BAC395</key>
		<dict>
			<key>fileRef</key>
			<string>212C15271710EC2900BAC395</string>
			<key>isa</key>
			<string>PBXBuildFile</string>
		</dict>
		<key>212C15291710EC2900BAC395</key>
		<dict>
			<key>isa</key>
			<string>PBXFileReference</string>
			<key>lastKnownFileType</key>
			<string>image.png</string>
			<key>path</key>
			<string>Default@2x.png</string>
			<key>sourceTree</key>
			<string>&lt;group&gt;</string>
		</dict>
		<key>212C152A1710EC2900BAC395</key>
		<dict>
			<key>fileRef</key>
			<string>212C15291710EC2900BAC395</string>
			<key>isa</key>
			<string>PBXBuildFile</string>
		</dict>
		<key>212C152B1710EC2900BAC395</key>
		<dict>
			<key>isa</key>
			<string>PBXFileReference</string>
			<key>lastKnownFileType</key>
			<string>image.png</string>
			<key>path</key>
			<string>Default-568h@2x.png</string>
			<key>sourceTree</key>
			<string>&lt;group&gt;</string>
		</dict>
		<key>212C152C1710EC2900BAC395</key>
		<dict>
			<key>fileRef</key>
			<string>212C152B1710EC2900BAC395</string>
			<key>isa</key>
			<string>PBXBuildFile</string>
		</dict>
		<key>212C152D1710EC2900BAC395</key>
		<dict>
			<key>isa</key>
			<string>PBXFileReference</string>
			<key>lastKnownFileType</key>
			<string>sourcecode.c.h</string>
			<key>path</key>
			<string>LLViewController.h</string>
			<key>sourceTree</key>
			<string>&lt;group&gt;</string>
		</dict>
		<key>212C152E1710EC2900BAC395</key>
		<dict>
			<key>isa</key>
			<string>PBXFileReference</string>
			<key>lastKnownFileType</key>
			<string>sourcecode.c.objc</string>
			<key>path</key>
			<string>LLViewController.m</string>
			<key>sourceTree</key>
			<string>&lt;group&gt;</string>
		</dict>
		<key>212C152F1710EC2900BAC395</key>
		<dict>
			<key>fileRef</key>
			<string>212C152E1710EC2900BAC395</string>
			<key>isa</key>
			<string>PBXBuildFile</string>
		</dict>
		<key>212C15361710EC2900BAC395</key>
		<dict>
			<key>buildSettings</key>
			<dict>
				<key>ALWAYS_SEARCH_USER_PATHS</key>
				<string>NO</string>
				<key>CLANG_CXX_LANGUAGE_STANDARD</key>
				<string>gnu++0x</string>
				<key>CLANG_CXX_LIBRARY</key>
				<string>libc++</string>
				<key>CLANG_ENABLE_OBJC_ARC</key>
				<string>YES</string>
				<key>CLANG_WARN_CONSTANT_CONVERSION</key>
				<string>YES</string>
				<key>CLANG_WARN_EMPTY_BODY</key>
				<string>YES</string>
				<key>CLANG_WARN_ENUM_CONVERSION</key>
				<string>YES</string>
				<key>CLANG_WARN_INT_CONVERSION</key>
				<string>YES</string>
				<key>CLANG_WARN__DUPLICATE_METHOD_MATCH</key>
				<string>YES</string>
				<key>CODE_SIGN_IDENTITY[sdk=iphoneos*]</key>
				<string>iPhone Developer</string>
				<key>COPY_PHASE_STRIP</key>
				<string>NO</string>
				<key>GCC_C_LANGUAGE_STANDARD</key>
				<string>gnu99</string>
				<key>GCC_DYNAMIC_NO_PIC</key>
				<string>NO</string>
				<key>GCC_OPTIMIZATION_LEVEL</key>
				<string>0</string>
				<key>GCC_PREPROCESSOR_DEFINITIONS</key>
				<array>
					<string>DEBUG=1</string>
					<string>$(inherited)</string>
				</array>
				<key>GCC_SYMBOLS_PRIVATE_EXTERN</key>
				<string>NO</string>
				<key>GCC_WARN_ABOUT_RETURN_TYPE</key>
				<string>YES</string>
				<key>GCC_WARN_UNINITIALIZED_AUTOS</key>
				<string>YES</string>
				<key>GCC_WARN_UNUSED_VARIABLE</key>
				<string>YES</string>
				<key>IPHONEOS_DEPLOYMENT_TARGET</key>
				<string>6.1</string>
				<key>ONLY_ACTIVE_ARCH</key>
				<string>YES</string>
				<key>SDKROOT</key>
				<string>iphoneos</string>
				<key>TARGETED_DEVICE_FAMILY</key>
				<string>1,2</string>
			</dict>
			<key>isa</key>
			<string>XCBuildConfiguration</string>
			<key>name</key>
			<string>Debug</string>
		</dict>
		<key>212C15371710EC2900BAC395</key>
		<dict>
			<key>buildSettings</key>
			<dict>
				<key>ALWAYS_SEARCH_USER_PATHS</key>
				<string>NO</string>
				<key>CLANG_CXX_LANGUAGE_STANDARD</key>
				<string>gnu++0x</string>
				<key>CLANG_CXX_LIBRARY</key>
				<string>libc++</string>
				<key>CLANG_ENABLE_OBJC_ARC</key>
				<string>YES</string>
				<key>CLANG_WARN_CONSTANT_CONVERSION</key>
				<string>YES</string>
				<key>CLANG_WARN_EMPTY_BODY</key>
				<string>YES</string>
				<key>CLANG_WARN_ENUM_CONVERSION</key>
				<string>YES</string>
				<key>CLANG_WARN_INT_CONVERSION</key>
				<string>YES</string>
				<key>CLANG_WARN__DUPLICATE_METHOD_MATCH</key>
				<string>YES</string>
				<key>CODE_SIGN_IDENTITY[sdk=iphoneos*]</key>
				<string>iPhone Developer</string>
				<key>COPY_PHASE_STRIP</key>
				<string>YES</string>
				<key>GCC_C_LANGUAGE_STANDARD</key>
				<string>gnu99</string>
				<key>GCC_WARN_ABOUT_RETURN_TYPE</key>
				<string>YES</string>
				<key>GCC_WARN_UNINITIALIZED_AUTOS</key>
				<string>YES</string>
				<key>GCC_WARN_UNUSED_VARIABLE</key>
				<string>YES</string>
				<key>IPHONEOS_DEPLOYMENT_TARGET</key>
				<string>6.1</string>
				<key>OTHER_CFLAGS</key>
				<string>-DNS_BLOCK_ASSERTIONS=1</string>
				<key>SDKROOT</key>
				<string>iphoneos</string>
				<key>TARGETED_DEVICE_FAMILY</key>
				<string>1,2</string>
				<key>VALIDATE_PRODUCT</key>
				<string>YES</string>
			</dict>
			<key>isa</key>
			<string>XCBuildConfiguration</string>
			<key>name</key>
			<string>Release</string>
		</dict>
		<key>212C15381710EC2900BAC395</key>
		<dict>
			<key>buildConfigurations</key>
			<array>
				<string>212C15391710EC2900BAC395</string>
				<string>212C153A1710EC2900BAC395</string>
			</array>
			<key>defaultConfigurationIsVisible</key>
			<string>0</string>
			<key>isa</key>
			<string>XCConfigurationList</string>
		</dict>
		<key>212C15391710EC2900BAC395</key>
		<dict>
			<key>baseConfigurationReference</key>
			<string>79E00369097A4C62A7B9DA70</string>
			<key>buildSettings</key>
			<dict>
				<key>GCC_PRECOMPILE_PREFIX_HEADER</key>
				<string>YES</string>
				<key>GCC_PREFIX_HEADER</key>
				<string>ReactiveDemo/ReactiveDemo-Prefix.pch</string>
				<key>INFOPLIST_FILE</key>
				<string>ReactiveDemo/ReactiveDemo-Info.plist</string>
				<key>PRODUCT_NAME</key>
				<string>$(TARGET_NAME)</string>
				<key>WRAPPER_EXTENSION</key>
				<string>app</string>
			</dict>
			<key>isa</key>
			<string>XCBuildConfiguration</string>
			<key>name</key>
			<string>Debug</string>
		</dict>
		<key>212C153A1710EC2900BAC395</key>
		<dict>
			<key>baseConfigurationReference</key>
			<string>79E00369097A4C62A7B9DA70</string>
			<key>buildSettings</key>
			<dict>
				<key>GCC_PRECOMPILE_PREFIX_HEADER</key>
				<string>YES</string>
				<key>GCC_PREFIX_HEADER</key>
				<string>ReactiveDemo/ReactiveDemo-Prefix.pch</string>
				<key>INFOPLIST_FILE</key>
				<string>ReactiveDemo/ReactiveDemo-Info.plist</string>
				<key>PRODUCT_NAME</key>
				<string>$(TARGET_NAME)</string>
				<key>WRAPPER_EXTENSION</key>
				<string>app</string>
			</dict>
			<key>isa</key>
			<string>XCBuildConfiguration</string>
			<key>name</key>
			<string>Release</string>
		</dict>
		<key>4D1A0547CCE94B6180CE7BD9</key>
		<dict>
			<key>buildActionMask</key>
			<string>2147483647</string>
			<key>files</key>
			<array/>
			<key>inputPaths</key>
			<array/>
			<key>isa</key>
			<string>PBXShellScriptBuildPhase</string>
			<key>name</key>
			<string>Copy Pods Resources</string>
			<key>outputPaths</key>
			<array/>
			<key>runOnlyForDeploymentPostprocessing</key>
			<string>0</string>
			<key>shellPath</key>
			<string>/bin/sh</string>
			<key>shellScript</key>
			<string>"${SRCROOT}/Pods/Pods-resources.sh"
</string>
			<key>showEnvVarsInLog</key>
			<string>1</string>
		</dict>
		<key>79E00369097A4C62A7B9DA70</key>
		<dict>
			<key>includeInIndex</key>
			<string>1</string>
			<key>isa</key>
			<string>PBXFileReference</string>
			<key>lastKnownFileType</key>
			<string>text.xcconfig</string>
			<key>name</key>
			<string>Pods.xcconfig</string>
			<key>path</key>
			<string>Pods/Pods.xcconfig</string>
			<key>sourceTree</key>
			<string>SOURCE_ROOT</string>
		</dict>
		<key>8268D43847EC4AD8BD93415F</key>
		<dict>
			<key>explicitFileType</key>
			<string>archive.ar</string>
			<key>includeInIndex</key>
			<string>0</string>
			<key>isa</key>
			<string>PBXFileReference</string>
			<key>name</key>
			<string>libPods.a</string>
			<key>path</key>
			<string>libPods.a</string>
			<key>sourceTree</key>
			<string>BUILT_PRODUCTS_DIR</string>
		</dict>
		<key>D57432C6AB9046C29F7B7EB0</key>
		<dict>
			<key>fileRef</key>
			<string>8268D43847EC4AD8BD93415F</string>
			<key>isa</key>
			<string>PBXBuildFile</string>
			<key>settings</key>
			<dict/>
		</dict>
	</dict>
	<key>rootObject</key>
	<string>212C150A1710EC2800BAC395</string>
</dict>
</plist>
