// !$*UTF8*$!
{
	archiveVersion = 1;
	classes = {
	};
	objectVersion = 46;
	objects = {

/* Begin PBXBuildFile section */
		2106C7621716C911001387F9 /* grumpy_cat.jpg in Resources */ = {isa = PBXBuildFile; fileRef = 2106C75E1716C911001387F9 /* grumpy_cat.jpg */; };
		2106C7631716C911001387F9 /* longcat.jpg in Resources */ = {isa = PBXBuildFile; fileRef = 2106C75F1716C911001387F9 /* longcat.jpg */; };
		2106C7641716C911001387F9 /* ninja_cat.jpg in Resources */ = {isa = PBXBuildFile; fileRef = 2106C7601716C911001387F9 /* ninja_cat.jpg */; };
		2106C7651716C911001387F9 /* serious_cat.jpg in Resources */ = {isa = PBXBuildFile; fileRef = 2106C7611716C911001387F9 /* serious_cat.jpg */; };
		2106C7671716C946001387F9 /* wat_cat.gif in Resources */ = {isa = PBXBuildFile; fileRef = 2106C7661716C946001387F9 /* wat_cat.gif */; };
		212C15161710EC2900BAC395 /* UIKit.framework in Frameworks */ = {isa = PBXBuildFile; fileRef = 212C15151710EC2900BAC395 /* UIKit.framework */; };
		212C15181710EC2900BAC395 /* Foundation.framework in Frameworks */ = {isa = PBXBuildFile; fileRef = 212C15171710EC2900BAC395 /* Foundation.framework */; };
		212C151A1710EC2900BAC395 /* CoreGraphics.framework in Frameworks */ = {isa = PBXBuildFile; fileRef = 212C15191710EC2900BAC395 /* CoreGraphics.framework */; };
		212C15201710EC2900BAC395 /* InfoPlist.strings in Resources */ = {isa = PBXBuildFile; fileRef = 212C151E1710EC2900BAC395 /* InfoPlist.strings */; };
		212C15221710EC2900BAC395 /* main.m in Sources */ = {isa = PBXBuildFile; fileRef = 212C15211710EC2900BAC395 /* main.m */; };
		212C15261710EC2900BAC395 /* LLAppDelegate.m in Sources */ = {isa = PBXBuildFile; fileRef = 212C15251710EC2900BAC395 /* LLAppDelegate.m */; };
		212C15281710EC2900BAC395 /* Default.png in Resources */ = {isa = PBXBuildFile; fileRef = 212C15271710EC2900BAC395 /* Default.png */; };
		212C152A1710EC2900BAC395 /* Default@2x.png in Resources */ = {isa = PBXBuildFile; fileRef = 212C15291710EC2900BAC395 /* Default@2x.png */; };
		212C152C1710EC2900BAC395 /* Default-568h@2x.png in Resources */ = {isa = PBXBuildFile; fileRef = 212C152B1710EC2900BAC395 /* Default-568h@2x.png */; };
		212C152F1710EC2900BAC395 /* LLViewController.m in Sources */ = {isa = PBXBuildFile; fileRef = 212C152E1710EC2900BAC395 /* LLViewController.m */; };
		D57432C6AB9046C29F7B7EB0 /* libPods.a in Frameworks */ = {isa = PBXBuildFile; fileRef = 8268D43847EC4AD8BD93415F /* libPods.a */; };
/* End PBXBuildFile section */

/* Begin PBXFileReference section */
		2106C75E1716C911001387F9 /* grumpy_cat.jpg */ = {isa = PBXFileReference; lastKnownFileType = image.jpeg; path = grumpy_cat.jpg; sourceTree = "<group>"; };
		2106C75F1716C911001387F9 /* longcat.jpg */ = {isa = PBXFileReference; lastKnownFileType = image.jpeg; path = longcat.jpg; sourceTree = "<group>"; };
		2106C7601716C911001387F9 /* ninja_cat.jpg */ = {isa = PBXFileReference; lastKnownFileType = image.jpeg; path = ninja_cat.jpg; sourceTree = "<group>"; };
		2106C7611716C911001387F9 /* serious_cat.jpg */ = {isa = PBXFileReference; lastKnownFileType = image.jpeg; path = serious_cat.jpg; sourceTree = "<group>"; };
		2106C7661716C946001387F9 /* wat_cat.gif */ = {isa = PBXFileReference; lastKnownFileType = image.gif; path = wat_cat.gif; sourceTree = "<group>"; };
		212C15121710EC2900BAC395 /* ReactiveDemo.app */ = {isa = PBXFileReference; explicitFileType = wrapper.application; includeInIndex = 0; path = ReactiveDemo.app; sourceTree = BUILT_PRODUCTS_DIR; };
		212C15151710EC2900BAC395 /* UIKit.framework */ = {isa = PBXFileReference; lastKnownFileType = wrapper.framework; name = UIKit.framework; path = System/Library/Frameworks/UIKit.framework; sourceTree = SDKROOT; };
		212C15171710EC2900BAC395 /* Foundation.framework */ = {isa = PBXFileReference; lastKnownFileType = wrapper.framework; name = Foundation.framework; path = System/Library/Frameworks/Foundation.framework; sourceTree = SDKROOT; };
		212C15191710EC2900BAC395 /* CoreGraphics.framework */ = {isa = PBXFileReference; lastKnownFileType = wrapper.framework; name = CoreGraphics.framework; path = System/Library/Frameworks/CoreGraphics.framework; sourceTree = SDKROOT; };
		212C151D1710EC2900BAC395 /* ReactiveDemo-Info.plist */ = {isa = PBXFileReference; lastKnownFileType = text.plist.xml; path = "ReactiveDemo-Info.plist"; sourceTree = "<group>"; };
		212C151F1710EC2900BAC395 /* en */ = {isa = PBXFileReference; lastKnownFileType = text.plist.strings; name = en; path = en.lproj/InfoPlist.strings; sourceTree = "<group>"; };
		212C15211710EC2900BAC395 /* main.m */ = {isa = PBXFileReference; lastKnownFileType = sourcecode.c.objc; path = main.m; sourceTree = "<group>"; };
		212C15231710EC2900BAC395 /* ReactiveDemo-Prefix.pch */ = {isa = PBXFileReference; lastKnownFileType = sourcecode.c.h; path = "ReactiveDemo-Prefix.pch"; sourceTree = "<group>"; };
		212C15241710EC2900BAC395 /* LLAppDelegate.h */ = {isa = PBXFileReference; lastKnownFileType = sourcecode.c.h; path = LLAppDelegate.h; sourceTree = "<group>"; };
		212C15251710EC2900BAC395 /* LLAppDelegate.m */ = {isa = PBXFileReference; lastKnownFileType = sourcecode.c.objc; path = LLAppDelegate.m; sourceTree = "<group>"; };
		212C15271710EC2900BAC395 /* Default.png */ = {isa = PBXFileReference; lastKnownFileType = image.png; path = Default.png; sourceTree = "<group>"; };
		212C15291710EC2900BAC395 /* Default@2x.png */ = {isa = PBXFileReference; lastKnownFileType = image.png; path = "Default@2x.png"; sourceTree = "<group>"; };
		212C152B1710EC2900BAC395 /* Default-568h@2x.png */ = {isa = PBXFileReference; lastKnownFileType = image.png; path = "Default-568h@2x.png"; sourceTree = "<group>"; };
		212C152D1710EC2900BAC395 /* LLViewController.h */ = {isa = PBXFileReference; lastKnownFileType = sourcecode.c.h; path = LLViewController.h; sourceTree = "<group>"; };
		212C152E1710EC2900BAC395 /* LLViewController.m */ = {isa = PBXFileReference; lastKnownFileType = sourcecode.c.objc; path = LLViewController.m; sourceTree = "<group>"; };
		79E00369097A4C62A7B9DA70 /* Pods.xcconfig */ = {isa = PBXFileReference; includeInIndex = 1; lastKnownFileType = text.xcconfig; name = Pods.xcconfig; path = Pods/Pods.xcconfig; sourceTree = SOURCE_ROOT; };
		8268D43847EC4AD8BD93415F /* libPods.a */ = {isa = PBXFileReference; explicitFileType = archive.ar; includeInIndex = 0; path = libPods.a; sourceTree = BUILT_PRODUCTS_DIR; };
/* End PBXFileReference section */

/* Begin PBXFrameworksBuildPhase section */
		212C150F1710EC2800BAC395 /* Frameworks */ = {
			isa = PBXFrameworksBuildPhase;
			buildActionMask = 2147483647;
			files = (
				212C15161710EC2900BAC395 /* UIKit.framework in Frameworks */,
				212C15181710EC2900BAC395 /* Foundation.framework in Frameworks */,
				212C151A1710EC2900BAC395 /* CoreGraphics.framework in Frameworks */,
				D57432C6AB9046C29F7B7EB0 /* libPods.a in Frameworks */,
			);
			runOnlyForDeploymentPostprocessing = 0;
		};
/* End PBXFrameworksBuildPhase section */

/* Begin PBXGroup section */
		2106C75D1716C911001387F9 /* Images */ = {
			isa = PBXGroup;
			children = (
				2106C75E1716C911001387F9 /* grumpy_cat.jpg */,
				2106C75F1716C911001387F9 /* longcat.jpg */,
				2106C7601716C911001387F9 /* ninja_cat.jpg */,
				2106C7611716C911001387F9 /* serious_cat.jpg */,
				2106C7661716C946001387F9 /* wat_cat.gif */,
			);
			path = Images;
			sourceTree = SOURCE_ROOT;
		};
		212C15091710EC2800BAC395 = {
			isa = PBXGroup;
			children = (
				212C151B1710EC2900BAC395 /* ReactiveDemo */,
				212C15141710EC2900BAC395 /* Frameworks */,
				212C15131710EC2900BAC395 /* Products */,
				79E00369097A4C62A7B9DA70 /* Pods.xcconfig */,
			);
			sourceTree = "<group>";
		};
		212C15131710EC2900BAC395 /* Products */ = {
			isa = PBXGroup;
			children = (
				212C15121710EC2900BAC395 /* ReactiveDemo.app */,
			);
			name = Products;
			sourceTree = "<group>";
		};
		212C15141710EC2900BAC395 /* Frameworks */ = {
			isa = PBXGroup;
			children = (
				212C15151710EC2900BAC395 /* UIKit.framework */,
				212C15171710EC2900BAC395 /* Foundation.framework */,
				212C15191710EC2900BAC395 /* CoreGraphics.framework */,
				8268D43847EC4AD8BD93415F /* libPods.a */,
			);
			name = Frameworks;
			sourceTree = "<group>";
		};
		212C151B1710EC2900BAC395 /* ReactiveDemo */ = {
			isa = PBXGroup;
			children = (
				2106C75D1716C911001387F9 /* Images */,
				212C15241710EC2900BAC395 /* LLAppDelegate.h */,
				212C15251710EC2900BAC395 /* LLAppDelegate.m */,
				212C152D1710EC2900BAC395 /* LLViewController.h */,
				212C152E1710EC2900BAC395 /* LLViewController.m */,
				212C151C1710EC2900BAC395 /* Supporting Files */,
			);
			path = ReactiveDemo;
			sourceTree = "<group>";
		};
		212C151C1710EC2900BAC395 /* Supporting Files */ = {
			isa = PBXGroup;
			children = (
				212C151D1710EC2900BAC395 /* ReactiveDemo-Info.plist */,
				212C151E1710EC2900BAC395 /* InfoPlist.strings */,
				212C15211710EC2900BAC395 /* main.m */,
				212C15231710EC2900BAC395 /* ReactiveDemo-Prefix.pch */,
				212C15271710EC2900BAC395 /* Default.png */,
				212C15291710EC2900BAC395 /* Default@2x.png */,
				212C152B1710EC2900BAC395 /* Default-568h@2x.png */,
			);
			name = "Supporting Files";
			sourceTree = "<group>";
		};
/* End PBXGroup section */

/* Begin PBXNativeTarget section */
		212C15111710EC2800BAC395 /* ReactiveDemo */ = {
			isa = PBXNativeTarget;
			buildConfigurationList = 212C15381710EC2900BAC395 /* Build configuration list for PBXNativeTarget "ReactiveDemo" */;
			buildPhases = (
				212C150E1710EC2800BAC395 /* Sources */,
				212C150F1710EC2800BAC395 /* Frameworks */,
				212C15101710EC2800BAC395 /* Resources */,
				4D1A0547CCE94B6180CE7BD9 /* Copy Pods Resources */,
			);
			buildRules = (
			);
			dependencies = (
			);
			name = ReactiveDemo;
			productName = ReactiveDemo;
			productReference = 212C15121710EC2900BAC395 /* ReactiveDemo.app */;
			productType = "com.apple.product-type.application";
		};
/* End PBXNativeTarget section */

/* Begin PBXProject section */
		212C150A1710EC2800BAC395 /* Project object */ = {
			isa = PBXProject;
			attributes = {
				CLASSPREFIX = LL;
				LastUpgradeCheck = 0460;
				ORGANIZATIONNAME = "Lawrence Lomax";
			};
			buildConfigurationList = 212C150D1710EC2800BAC395 /* Build configuration list for PBXProject "ReactiveDemo" */;
			compatibilityVersion = "Xcode 3.2";
			developmentRegion = English;
			hasScannedForEncodings = 0;
			knownRegions = (
				en,
			);
			mainGroup = 212C15091710EC2800BAC395;
			productRefGroup = 212C15131710EC2900BAC395 /* Products */;
			projectDirPath = "";
			projectRoot = "";
			targets = (
				212C15111710EC2800BAC395 /* ReactiveDemo */,
			);
		};
/* End PBXProject section */

/* Begin PBXResourcesBuildPhase section */
		212C15101710EC2800BAC395 /* Resources */ = {
			isa = PBXResourcesBuildPhase;
			buildActionMask = 2147483647;
			files = (
				212C15201710EC2900BAC395 /* InfoPlist.strings in Resources */,
				212C15281710EC2900BAC395 /* Default.png in Resources */,
				212C152A1710EC2900BAC395 /* Default@2x.png in Resources */,
				212C152C1710EC2900BAC395 /* Default-568h@2x.png in Resources */,
				2106C7621716C911001387F9 /* grumpy_cat.jpg in Resources */,
				2106C7631716C911001387F9 /* longcat.jpg in Resources */,
				2106C7641716C911001387F9 /* ninja_cat.jpg in Resources */,
				2106C7651716C911001387F9 /* serious_cat.jpg in Resources */,
				2106C7671716C946001387F9 /* wat_cat.gif in Resources */,
			);
			runOnlyForDeploymentPostprocessing = 0;
		};
/* End PBXResourcesBuildPhase section */

/* Begin PBXShellScriptBuildPhase section */
		4D1A0547CCE94B6180CE7BD9 /* Copy Pods Resources */ = {
			isa = PBXShellScriptBuildPhase;
			buildActionMask = 2147483647;
			files = (
			);
			inputPaths = (
			);
			name = "Copy Pods Resources";
			outputPaths = (
			);
			runOnlyForDeploymentPostprocessing = 0;
			shellPath = /bin/sh;
			shellScript = "\"${SRCROOT}/Pods/Pods-resources.sh\"\n";
		};
/* End PBXShellScriptBuildPhase section */

/* Begin PBXSourcesBuildPhase section */
		212C150E1710EC2800BAC395 /* Sources */ = {
			isa = PBXSourcesBuildPhase;
			buildActionMask = 2147483647;
			files = (
				212C15221710EC2900BAC395 /* main.m in Sources */,
				212C15261710EC2900BAC395 /* LLAppDelegate.m in Sources */,
				212C152F1710EC2900BAC395 /* LLViewController.m in Sources */,
			);
			runOnlyForDeploymentPostprocessing = 0;
		};
/* End PBXSourcesBuildPhase section */

/* Begin PBXVariantGroup section */
		212C151E1710EC2900BAC395 /* InfoPlist.strings */ = {
			isa = PBXVariantGroup;
			children = (
				212C151F1710EC2900BAC395 /* en */,
			);
			name = InfoPlist.strings;
			sourceTree = "<group>";
		};
/* End PBXVariantGroup section */

/* Begin XCBuildConfiguration section */
		212C15361710EC2900BAC395 /* Debug */ = {
			isa = XCBuildConfiguration;
			buildSettings = {
				ALWAYS_SEARCH_USER_PATHS = NO;
				CLANG_CXX_LANGUAGE_STANDARD = "gnu++0x";
				CLANG_CXX_LIBRARY = "libc++";
				CLANG_ENABLE_OBJC_ARC = YES;
				CLANG_WARN_CONSTANT_CONVERSION = YES;
				CLANG_WARN_EMPTY_BODY = YES;
				CLANG_WARN_ENUM_CONVERSION = YES;
				CLANG_WARN_INT_CONVERSION = YES;
				CLANG_WARN__DUPLICATE_METHOD_MATCH = YES;
				"CODE_SIGN_IDENTITY[sdk=iphoneos*]" = "iPhone Developer";
				COPY_PHASE_STRIP = NO;
				GCC_C_LANGUAGE_STANDARD = gnu99;
				GCC_DYNAMIC_NO_PIC = NO;
				GCC_OPTIMIZATION_LEVEL = 0;
				GCC_PREPROCESSOR_DEFINITIONS = (
					"DEBUG=1",
					"$(inherited)",
				);
				GCC_SYMBOLS_PRIVATE_EXTERN = NO;
				GCC_WARN_ABOUT_RETURN_TYPE = YES;
				GCC_WARN_UNINITIALIZED_AUTOS = YES;
				GCC_WARN_UNUSED_VARIABLE = YES;
				IPHONEOS_DEPLOYMENT_TARGET = 6.1;
				ONLY_ACTIVE_ARCH = YES;
				SDKROOT = iphoneos;
				TARGETED_DEVICE_FAMILY = "1,2";
			};
			name = Debug;
		};
		212C15371710EC2900BAC395 /* Release */ = {
			isa = XCBuildConfiguration;
			buildSettings = {
				ALWAYS_SEARCH_USER_PATHS = NO;
				CLANG_CXX_LANGUAGE_STANDARD = "gnu++0x";
				CLANG_CXX_LIBRARY = "libc++";
				CLANG_ENABLE_OBJC_ARC = YES;
				CLANG_WARN_CONSTANT_CONVERSION = YES;
				CLANG_WARN_EMPTY_BODY = YES;
				CLANG_WARN_ENUM_CONVERSION = YES;
				CLANG_WARN_INT_CONVERSION = YES;
				CLANG_WARN__DUPLICATE_METHOD_MATCH = YES;
				"CODE_SIGN_IDENTITY[sdk=iphoneos*]" = "iPhone Developer";
				COPY_PHASE_STRIP = YES;
				GCC_C_LANGUAGE_STANDARD = gnu99;
				GCC_WARN_ABOUT_RETURN_TYPE = YES;
				GCC_WARN_UNINITIALIZED_AUTOS = YES;
				GCC_WARN_UNUSED_VARIABLE = YES;
				IPHONEOS_DEPLOYMENT_TARGET = 6.1;
				OTHER_CFLAGS = "-DNS_BLOCK_ASSERTIONS=1";
				SDKROOT = iphoneos;
				TARGETED_DEVICE_FAMILY = "1,2";
				VALIDATE_PRODUCT = YES;
			};
			name = Release;
		};
		212C15391710EC2900BAC395 /* Debug */ = {
			isa = XCBuildConfiguration;
			baseConfigurationReference = 79E00369097A4C62A7B9DA70 /* Pods.xcconfig */;
			buildSettings = {
				GCC_PRECOMPILE_PREFIX_HEADER = YES;
				GCC_PREFIX_HEADER = "ReactiveDemo/ReactiveDemo-Prefix.pch";
				INFOPLIST_FILE = "ReactiveDemo/ReactiveDemo-Info.plist";
				PRODUCT_NAME = "$(TARGET_NAME)";
				WRAPPER_EXTENSION = app;
			};
			name = Debug;
		};
		212C153A1710EC2900BAC395 /* Release */ = {
			isa = XCBuildConfiguration;
			baseConfigurationReference = 79E00369097A4C62A7B9DA70 /* Pods.xcconfig */;
			buildSettings = {
				GCC_PRECOMPILE_PREFIX_HEADER = YES;
				GCC_PREFIX_HEADER = "ReactiveDemo/ReactiveDemo-Prefix.pch";
				INFOPLIST_FILE = "ReactiveDemo/ReactiveDemo-Info.plist";
				PRODUCT_NAME = "$(TARGET_NAME)";
				WRAPPER_EXTENSION = app;
			};
			name = Release;
		};
/* End XCBuildConfiguration section */

/* Begin XCConfigurationList section */
		212C150D1710EC2800BAC395 /* Build configuration list for PBXProject "ReactiveDemo" */ = {
			isa = XCConfigurationList;
			buildConfigurations = (
				212C15361710EC2900BAC395 /* Debug */,
				212C15371710EC2900BAC395 /* Release */,
			);
			defaultConfigurationIsVisible = 0;
			defaultConfigurationName = Release;
		};
		212C15381710EC2900BAC395 /* Build configuration list for PBXNativeTarget "ReactiveDemo" */ = {
			isa = XCConfigurationList;
			buildConfigurations = (
				212C15391710EC2900BAC395 /* Debug */,
				212C153A1710EC2900BAC395 /* Release */,
			);
			defaultConfigurationIsVisible = 0;
			defaultConfigurationName = Release;
		};
/* End XCConfigurationList section */
	};
	rootObject = 212C150A1710EC2800BAC395 /* Project object */;
}
